// !$*UTF8*$!
{
	archiveVersion = 1;
	classes = {
	};
	objectVersion = 50;
	objects = {

/* Begin PBXBuildFile section */
		A100B2EB2575110800719402 /* Update.swift in Sources */ = {isa = PBXBuildFile; fileRef = A100B2EA2575110800719402 /* Update.swift */; };
		A100B2EF25751C4900719402 /* Keymapping.swift in Sources */ = {isa = PBXBuildFile; fileRef = A100B2EE25751C4900719402 /* Keymapping.swift */; };
		A156D92C256D78F50057805F /* AmongKeyApp.swift in Sources */ = {isa = PBXBuildFile; fileRef = A156D92B256D78F50057805F /* AmongKeyApp.swift */; };
		A156D92E256D78F50057805F /* ContentView.swift in Sources */ = {isa = PBXBuildFile; fileRef = A156D92D256D78F50057805F /* ContentView.swift */; };
		A156D930256D78F60057805F /* Assets.xcassets in Resources */ = {isa = PBXBuildFile; fileRef = A156D92F256D78F60057805F /* Assets.xcassets */; };
		A156D933256D78F60057805F /* Preview Assets.xcassets in Resources */ = {isa = PBXBuildFile; fileRef = A156D932256D78F60057805F /* Preview Assets.xcassets */; };
		A1E56DA025954D64007FCCDB /* AmongUsClassifier.mlmodel in Sources */ = {isa = PBXBuildFile; fileRef = A1E56D9F25954D64007FCCDB /* AmongUsClassifier.mlmodel */; };
/* End PBXBuildFile section */

/* Begin PBXFileReference section */
		A100B2EA2575110800719402 /* Update.swift */ = {isa = PBXFileReference; lastKnownFileType = sourcecode.swift; path = Update.swift; sourceTree = "<group>"; };
		A100B2EE25751C4900719402 /* Keymapping.swift */ = {isa = PBXFileReference; lastKnownFileType = sourcecode.swift; path = Keymapping.swift; sourceTree = "<group>"; };
		A156D928256D78F50057805F /* AmongKey.app */ = {isa = PBXFileReference; explicitFileType = wrapper.application; includeInIndex = 0; path = AmongKey.app; sourceTree = BUILT_PRODUCTS_DIR; };
		A156D92B256D78F50057805F /* AmongKeyApp.swift */ = {isa = PBXFileReference; lastKnownFileType = sourcecode.swift; path = AmongKeyApp.swift; sourceTree = "<group>"; };
		A156D92D256D78F50057805F /* ContentView.swift */ = {isa = PBXFileReference; indentWidth = 3; lastKnownFileType = sourcecode.swift; path = ContentView.swift; sourceTree = "<group>"; };
		A156D92F256D78F60057805F /* Assets.xcassets */ = {isa = PBXFileReference; lastKnownFileType = folder.assetcatalog; path = Assets.xcassets; sourceTree = "<group>"; };
		A156D932256D78F60057805F /* Preview Assets.xcassets */ = {isa = PBXFileReference; lastKnownFileType = folder.assetcatalog; path = "Preview Assets.xcassets"; sourceTree = "<group>"; };
		A156D934256D78F60057805F /* Info.plist */ = {isa = PBXFileReference; lastKnownFileType = text.plist.xml; path = Info.plist; sourceTree = "<group>"; };
		A1E56D9F25954D64007FCCDB /* AmongUsClassifier.mlmodel */ = {isa = PBXFileReference; lastKnownFileType = file.mlmodel; path = AmongUsClassifier.mlmodel; sourceTree = "<group>"; };
/* End PBXFileReference section */

/* Begin PBXFrameworksBuildPhase section */
		A156D925256D78F50057805F /* Frameworks */ = {
			isa = PBXFrameworksBuildPhase;
			buildActionMask = 2147483647;
			files = (
			);
			runOnlyForDeploymentPostprocessing = 0;
		};
/* End PBXFrameworksBuildPhase section */

/* Begin PBXGroup section */
		A156D91F256D78F50057805F = {
			isa = PBXGroup;
			children = (
				A156D92A256D78F50057805F /* AmongKey */,
				A156D929256D78F50057805F /* Products */,
			);
			sourceTree = "<group>";
		};
		A156D929256D78F50057805F /* Products */ = {
			isa = PBXGroup;
			children = (
				A156D928256D78F50057805F /* AmongKey.app */,
			);
			name = Products;
			sourceTree = "<group>";
		};
		A156D92A256D78F50057805F /* AmongKey */ = {
			isa = PBXGroup;
			children = (
				A1E56D9F25954D64007FCCDB /* AmongUsClassifier.mlmodel */,
				A156D92B256D78F50057805F /* AmongKeyApp.swift */,
				A156D92D256D78F50057805F /* ContentView.swift */,
				A156D92F256D78F60057805F /* Assets.xcassets */,
				A156D934256D78F60057805F /* Info.plist */,
				A156D931256D78F60057805F /* Preview Content */,
				A100B2EA2575110800719402 /* Update.swift */,
				A100B2EE25751C4900719402 /* Keymapping.swift */,
			);
			path = AmongKey;
			sourceTree = "<group>";
		};
		A156D931256D78F60057805F /* Preview Content */ = {
			isa = PBXGroup;
			children = (
				A156D932256D78F60057805F /* Preview Assets.xcassets */,
			);
			path = "Preview Content";
			sourceTree = "<group>";
		};
/* End PBXGroup section */

/* Begin PBXNativeTarget section */
		A156D927256D78F50057805F /* AmongKey */ = {
			isa = PBXNativeTarget;
			buildConfigurationList = A156D938256D78F60057805F /* Build configuration list for PBXNativeTarget "AmongKey" */;
			buildPhases = (
				A156D924256D78F50057805F /* Sources */,
				A156D925256D78F50057805F /* Frameworks */,
				A156D926256D78F50057805F /* Resources */,
			);
			buildRules = (
			);
			dependencies = (
			);
			name = AmongKey;
			productName = AmongKey;
			productReference = A156D928256D78F50057805F /* AmongKey.app */;
			productType = "com.apple.product-type.application";
		};
/* End PBXNativeTarget section */

/* Begin PBXProject section */
		A156D920256D78F50057805F /* Project object */ = {
			isa = PBXProject;
			attributes = {
				LastSwiftUpdateCheck = 1220;
				LastUpgradeCheck = 1220;
				TargetAttributes = {
					A156D927256D78F50057805F = {
						CreatedOnToolsVersion = 12.2;
					};
				};
			};
			buildConfigurationList = A156D923256D78F50057805F /* Build configuration list for PBXProject "AmongKey" */;
			compatibilityVersion = "Xcode 9.3";
			developmentRegion = en;
			hasScannedForEncodings = 0;
			knownRegions = (
				en,
				Base,
			);
			mainGroup = A156D91F256D78F50057805F;
			productRefGroup = A156D929256D78F50057805F /* Products */;
			projectDirPath = "";
			projectRoot = "";
			targets = (
				A156D927256D78F50057805F /* AmongKey */,
			);
		};
/* End PBXProject section */

/* Begin PBXResourcesBuildPhase section */
		A156D926256D78F50057805F /* Resources */ = {
			isa = PBXResourcesBuildPhase;
			buildActionMask = 2147483647;
			files = (
				A156D933256D78F60057805F /* Preview Assets.xcassets in Resources */,
				A156D930256D78F60057805F /* Assets.xcassets in Resources */,
			);
			runOnlyForDeploymentPostprocessing = 0;
		};
/* End PBXResourcesBuildPhase section */

/* Begin PBXSourcesBuildPhase section */
		A156D924256D78F50057805F /* Sources */ = {
			isa = PBXSourcesBuildPhase;
			buildActionMask = 2147483647;
			files = (
				A1E56DA025954D64007FCCDB /* AmongUsClassifier.mlmodel in Sources */,
				A156D92E256D78F50057805F /* ContentView.swift in Sources */,
				A156D92C256D78F50057805F /* AmongKeyApp.swift in Sources */,
				A100B2EB2575110800719402 /* Update.swift in Sources */,
				A100B2EF25751C4900719402 /* Keymapping.swift in Sources */,
			);
			runOnlyForDeploymentPostprocessing = 0;
		};
/* End PBXSourcesBuildPhase section */

/* Begin XCBuildConfiguration section */
		A156D936256D78F60057805F /* Debug */ = {
			isa = XCBuildConfiguration;
			buildSettings = {
				ALWAYS_SEARCH_USER_PATHS = NO;
				CLANG_ANALYZER_NONNULL = YES;
				CLANG_ANALYZER_NUMBER_OBJECT_CONVERSION = YES_AGGRESSIVE;
				CLANG_CXX_LANGUAGE_STANDARD = "gnu++14";
				CLANG_CXX_LIBRARY = "libc++";
				CLANG_ENABLE_MODULES = YES;
				CLANG_ENABLE_OBJC_ARC = YES;
				CLANG_ENABLE_OBJC_WEAK = YES;
				CLANG_WARN_BLOCK_CAPTURE_AUTORELEASING = YES;
				CLANG_WARN_BOOL_CONVERSION = YES;
				CLANG_WARN_COMMA = YES;
				CLANG_WARN_CONSTANT_CONVERSION = YES;
				CLANG_WARN_DEPRECATED_OBJC_IMPLEMENTATIONS = YES;
				CLANG_WARN_DIRECT_OBJC_ISA_USAGE = YES_ERROR;
				CLANG_WARN_DOCUMENTATION_COMMENTS = YES;
				CLANG_WARN_EMPTY_BODY = YES;
				CLANG_WARN_ENUM_CONVERSION = YES;
				CLANG_WARN_INFINITE_RECURSION = YES;
				CLANG_WARN_INT_CONVERSION = YES;
				CLANG_WARN_NON_LITERAL_NULL_CONVERSION = YES;
				CLANG_WARN_OBJC_IMPLICIT_RETAIN_SELF = YES;
				CLANG_WARN_OBJC_LITERAL_CONVERSION = YES;
				CLANG_WARN_OBJC_ROOT_CLASS = YES_ERROR;
				CLANG_WARN_QUOTED_INCLUDE_IN_FRAMEWORK_HEADER = YES;
				CLANG_WARN_RANGE_LOOP_ANALYSIS = YES;
				CLANG_WARN_STRICT_PROTOTYPES = YES;
				CLANG_WARN_SUSPICIOUS_MOVE = YES;
				CLANG_WARN_UNGUARDED_AVAILABILITY = YES_AGGRESSIVE;
				CLANG_WARN_UNREACHABLE_CODE = YES;
				CLANG_WARN__DUPLICATE_METHOD_MATCH = YES;
				COPY_PHASE_STRIP = NO;
				DEBUG_INFORMATION_FORMAT = dwarf;
				ENABLE_STRICT_OBJC_MSGSEND = YES;
				ENABLE_TESTABILITY = YES;
				GCC_C_LANGUAGE_STANDARD = gnu11;
				GCC_DYNAMIC_NO_PIC = NO;
				GCC_NO_COMMON_BLOCKS = YES;
				GCC_OPTIMIZATION_LEVEL = 0;
				GCC_PREPROCESSOR_DEFINITIONS = (
					"DEBUG=1",
					"$(inherited)",
				);
				GCC_WARN_64_TO_32_BIT_CONVERSION = YES;
				GCC_WARN_ABOUT_RETURN_TYPE = YES_ERROR;
				GCC_WARN_UNDECLARED_SELECTOR = YES;
				GCC_WARN_UNINITIALIZED_AUTOS = YES_AGGRESSIVE;
				GCC_WARN_UNUSED_FUNCTION = YES;
				GCC_WARN_UNUSED_VARIABLE = YES;
				MACOSX_DEPLOYMENT_TARGET = 11.0;
				MTL_ENABLE_DEBUG_INFO = INCLUDE_SOURCE;
				MTL_FAST_MATH = YES;
				ONLY_ACTIVE_ARCH = YES;
				SDKROOT = macosx;
				SWIFT_ACTIVE_COMPILATION_CONDITIONS = DEBUG;
				SWIFT_OPTIMIZATION_LEVEL = "-Onone";
			};
			name = Debug;
		};
		A156D937256D78F60057805F /* Release */ = {
			isa = XCBuildConfiguration;
			buildSettings = {
				ALWAYS_SEARCH_USER_PATHS = NO;
				CLANG_ANALYZER_NONNULL = YES;
				CLANG_ANALYZER_NUMBER_OBJECT_CONVERSION = YES_AGGRESSIVE;
				CLANG_CXX_LANGUAGE_STANDARD = "gnu++14";
				CLANG_CXX_LIBRARY = "libc++";
				CLANG_ENABLE_MODULES = YES;
				CLANG_ENABLE_OBJC_ARC = YES;
				CLANG_ENABLE_OBJC_WEAK = YES;
				CLANG_WARN_BLOCK_CAPTURE_AUTORELEASING = YES;
				CLANG_WARN_BOOL_CONVERSION = YES;
				CLANG_WARN_COMMA = YES;
				CLANG_WARN_CONSTANT_CONVERSION = YES;
				CLANG_WARN_DEPRECATED_OBJC_IMPLEMENTATIONS = YES;
				CLANG_WARN_DIRECT_OBJC_ISA_USAGE = YES_ERROR;
				CLANG_WARN_DOCUMENTATION_COMMENTS = YES;
				CLANG_WARN_EMPTY_BODY = YES;
				CLANG_WARN_ENUM_CONVERSION = YES;
				CLANG_WARN_INFINITE_RECURSION = YES;
				CLANG_WARN_INT_CONVERSION = YES;
				CLANG_WARN_NON_LITERAL_NULL_CONVERSION = YES;
				CLANG_WARN_OBJC_IMPLICIT_RETAIN_SELF = YES;
				CLANG_WARN_OBJC_LITERAL_CONVERSION = YES;
				CLANG_WARN_OBJC_ROOT_CLASS = YES_ERROR;
				CLANG_WARN_QUOTED_INCLUDE_IN_FRAMEWORK_HEADER = YES;
				CLANG_WARN_RANGE_LOOP_ANALYSIS = YES;
				CLANG_WARN_STRICT_PROTOTYPES = YES;
				CLANG_WARN_SUSPICIOUS_MOVE = YES;
				CLANG_WARN_UNGUARDED_AVAILABILITY = YES_AGGRESSIVE;
				CLANG_WARN_UNREACHABLE_CODE = YES;
				CLANG_WARN__DUPLICATE_METHOD_MATCH = YES;
				COPY_PHASE_STRIP = NO;
				DEBUG_INFORMATION_FORMAT = "dwarf-with-dsym";
				ENABLE_NS_ASSERTIONS = NO;
				ENABLE_STRICT_OBJC_MSGSEND = YES;
				GCC_C_LANGUAGE_STANDARD = gnu11;
				GCC_NO_COMMON_BLOCKS = YES;
				GCC_WARN_64_TO_32_BIT_CONVERSION = YES;
				GCC_WARN_ABOUT_RETURN_TYPE = YES_ERROR;
				GCC_WARN_UNDECLARED_SELECTOR = YES;
				GCC_WARN_UNINITIALIZED_AUTOS = YES_AGGRESSIVE;
				GCC_WARN_UNUSED_FUNCTION = YES;
				GCC_WARN_UNUSED_VARIABLE = YES;
				MACOSX_DEPLOYMENT_TARGET = 11.0;
				MTL_ENABLE_DEBUG_INFO = NO;
				MTL_FAST_MATH = YES;
				SDKROOT = macosx;
				SWIFT_COMPILATION_MODE = wholemodule;
				SWIFT_OPTIMIZATION_LEVEL = "-O";
			};
			name = Release;
		};
		A156D939256D78F60057805F /* Debug */ = {
			isa = XCBuildConfiguration;
			buildSettings = {
				ASSETCATALOG_COMPILER_APPICON_NAME = AppIcon;
				ASSETCATALOG_COMPILER_GLOBAL_ACCENT_COLOR_NAME = AccentColor;
				CODE_SIGN_IDENTITY = "Apple Development";
				CODE_SIGN_STYLE = Automatic;
				COMBINE_HIDPI_IMAGES = YES;
				DEVELOPMENT_ASSET_PATHS = "\"AmongKey/Preview Content\"";
				DEVELOPMENT_TEAM = XQFTHXDY4Y;
				ENABLE_HARDENED_RUNTIME = YES;
				ENABLE_PREVIEWS = YES;
				INFOPLIST_FILE = AmongKey/Info.plist;
				LD_RUNPATH_SEARCH_PATHS = (
					"$(inherited)",
					"@executable_path/../Frameworks",
				);
				MACOSX_DEPLOYMENT_TARGET = 11.0;
				MARKETING_VERSION = 1.4;
				PRODUCT_BUNDLE_IDENTIFIER = at.andresavic.AmongKey;
				PRODUCT_NAME = "$(TARGET_NAME)";
				SWIFT_VERSION = 5.0;
			};
			name = Debug;
		};
		A156D93A256D78F60057805F /* Release */ = {
			isa = XCBuildConfiguration;
			buildSettings = {
				ASSETCATALOG_COMPILER_APPICON_NAME = AppIcon;
				ASSETCATALOG_COMPILER_GLOBAL_ACCENT_COLOR_NAME = AccentColor;
				CODE_SIGN_IDENTITY = "Apple Development";
				CODE_SIGN_STYLE = Automatic;
				COMBINE_HIDPI_IMAGES = YES;
				DEVELOPMENT_ASSET_PATHS = "\"AmongKey/Preview Content\"";
				DEVELOPMENT_TEAM = XQFTHXDY4Y;
				ENABLE_HARDENED_RUNTIME = YES;
				ENABLE_PREVIEWS = YES;
				INFOPLIST_FILE = AmongKey/Info.plist;
				LD_RUNPATH_SEARCH_PATHS = (
					"$(inherited)",
					"@executable_path/../Frameworks",
				);
				MACOSX_DEPLOYMENT_TARGET = 11.0;
				MARKETING_VERSION = 1.4;
				PRODUCT_BUNDLE_IDENTIFIER = at.andresavic.AmongKey;
				PRODUCT_NAME = "$(TARGET_NAME)";
				SWIFT_VERSION = 5.0;
			};
			name = Release;
		};
/* End XCBuildConfiguration section */

/* Begin XCConfigurationList section */
		A156D923256D78F50057805F /* Build configuration list for PBXProject "AmongKey" */ = {
			isa = XCConfigurationList;
			buildConfigurations = (
				A156D936256D78F60057805F /* Debug */,
				A156D937256D78F60057805F /* Release */,
			);
			defaultConfigurationIsVisible = 0;
			defaultConfigurationName = Release;
		};
		A156D938256D78F60057805F /* Build configuration list for PBXNativeTarget "AmongKey" */ = {
			isa = XCConfigurationList;
			buildConfigurations = (
				A156D939256D78F60057805F /* Debug */,
				A156D93A256D78F60057805F /* Release */,
			);
			defaultConfigurationIsVisible = 0;
			defaultConfigurationName = Release;
		};
/* End XCConfigurationList section */
	};
	rootObject = A156D920256D78F50057805F /* Project object */;
}
